// !$*UTF8*$!
{
	archiveVersion = 1;
	classes = {
	};
	objectVersion = 51;
	objects = {

/* Begin PBXBuildFile section */
		B14A274A81108C6D5E1F292C /* Pods_SQLProject.framework in Frameworks */ = {isa = PBXBuildFile; fileRef = 24F50AF423209A3AEF1FE979 /* Pods_SQLProject.framework */; };
		B545902D27031BD500411E89 /* User.swift in Sources */ = {isa = PBXBuildFile; fileRef = B545902C27031BD500411E89 /* User.swift */; };
		B5AB2F4327021FCF00ACB468 /* SQLManager.swift in Sources */ = {isa = PBXBuildFile; fileRef = B5AB2F4227021FCF00ACB468 /* SQLManager.swift */; };
		B5D864C126FE196C00CAB467 /* AppDelegate.swift in Sources */ = {isa = PBXBuildFile; fileRef = B5D864C026FE196C00CAB467 /* AppDelegate.swift */; };
		B5D864C326FE196C00CAB467 /* SceneDelegate.swift in Sources */ = {isa = PBXBuildFile; fileRef = B5D864C226FE196C00CAB467 /* SceneDelegate.swift */; };
		B5D864C526FE196C00CAB467 /* ViewController.swift in Sources */ = {isa = PBXBuildFile; fileRef = B5D864C426FE196C00CAB467 /* ViewController.swift */; };
		B5D864C826FE196C00CAB467 /* Main.storyboard in Resources */ = {isa = PBXBuildFile; fileRef = B5D864C626FE196C00CAB467 /* Main.storyboard */; };
		B5D864CA26FE197000CAB467 /* Assets.xcassets in Resources */ = {isa = PBXBuildFile; fileRef = B5D864C926FE197000CAB467 /* Assets.xcassets */; };
		B5D864CD26FE197000CAB467 /* LaunchScreen.storyboard in Resources */ = {isa = PBXBuildFile; fileRef = B5D864CB26FE197000CAB467 /* LaunchScreen.storyboard */; };
/* End PBXBuildFile section */

/* Begin PBXFileReference section */
		24F50AF423209A3AEF1FE979 /* Pods_SQLProject.framework */ = {isa = PBXFileReference; explicitFileType = wrapper.framework; includeInIndex = 0; path = Pods_SQLProject.framework; sourceTree = BUILT_PRODUCTS_DIR; };
		5A36057E6076202BD882432E /* Pods-SQLProject.debug.xcconfig */ = {isa = PBXFileReference; includeInIndex = 1; lastKnownFileType = text.xcconfig; name = "Pods-SQLProject.debug.xcconfig"; path = "Target Support Files/Pods-SQLProject/Pods-SQLProject.debug.xcconfig"; sourceTree = "<group>"; };
		ADE219E9473FDD4D76AA71CA /* Pods-SQLProject.release.xcconfig */ = {isa = PBXFileReference; includeInIndex = 1; lastKnownFileType = text.xcconfig; name = "Pods-SQLProject.release.xcconfig"; path = "Target Support Files/Pods-SQLProject/Pods-SQLProject.release.xcconfig"; sourceTree = "<group>"; };
		B545902C27031BD500411E89 /* User.swift */ = {isa = PBXFileReference; lastKnownFileType = sourcecode.swift; path = User.swift; sourceTree = "<group>"; };
		B5AB2F4227021FCF00ACB468 /* SQLManager.swift */ = {isa = PBXFileReference; lastKnownFileType = sourcecode.swift; path = SQLManager.swift; sourceTree = "<group>"; };
		B5D864BD26FE196C00CAB467 /* SQLProject.app */ = {isa = PBXFileReference; explicitFileType = wrapper.application; includeInIndex = 0; path = SQLProject.app; sourceTree = BUILT_PRODUCTS_DIR; };
		B5D864C026FE196C00CAB467 /* AppDelegate.swift */ = {isa = PBXFileReference; lastKnownFileType = sourcecode.swift; path = AppDelegate.swift; sourceTree = "<group>"; };
		B5D864C226FE196C00CAB467 /* SceneDelegate.swift */ = {isa = PBXFileReference; lastKnownFileType = sourcecode.swift; path = SceneDelegate.swift; sourceTree = "<group>"; };
		B5D864C426FE196C00CAB467 /* ViewController.swift */ = {isa = PBXFileReference; lastKnownFileType = sourcecode.swift; path = ViewController.swift; sourceTree = "<group>"; };
		B5D864C726FE196C00CAB467 /* Base */ = {isa = PBXFileReference; lastKnownFileType = file.storyboard; name = Base; path = Base.lproj/Main.storyboard; sourceTree = "<group>"; };
		B5D864C926FE197000CAB467 /* Assets.xcassets */ = {isa = PBXFileReference; lastKnownFileType = folder.assetcatalog; path = Assets.xcassets; sourceTree = "<group>"; };
		B5D864CC26FE197000CAB467 /* Base */ = {isa = PBXFileReference; lastKnownFileType = file.storyboard; name = Base; path = Base.lproj/LaunchScreen.storyboard; sourceTree = "<group>"; };
		B5D864CE26FE197000CAB467 /* Info.plist */ = {isa = PBXFileReference; lastKnownFileType = text.plist.xml; path = Info.plist; sourceTree = "<group>"; };
/* End PBXFileReference section */

/* Begin PBXFrameworksBuildPhase section */
		B5D864BA26FE196C00CAB467 /* Frameworks */ = {
			isa = PBXFrameworksBuildPhase;
			buildActionMask = 2147483647;
			files = (
				B14A274A81108C6D5E1F292C /* Pods_SQLProject.framework in Frameworks */,
			);
			runOnlyForDeploymentPostprocessing = 0;
		};
/* End PBXFrameworksBuildPhase section */

/* Begin PBXGroup section */
		1EEACF637BEFB8C605DCCA3A /* Pods */ = {
			isa = PBXGroup;
			children = (
				5A36057E6076202BD882432E /* Pods-SQLProject.debug.xcconfig */,
				ADE219E9473FDD4D76AA71CA /* Pods-SQLProject.release.xcconfig */,
			);
			path = Pods;
			sourceTree = "<group>";
		};
		5DB1C3735A9C3F0905527639 /* Frameworks */ = {
			isa = PBXGroup;
			children = (
				24F50AF423209A3AEF1FE979 /* Pods_SQLProject.framework */,
			);
			name = Frameworks;
			sourceTree = "<group>";
		};
		B5AB2F4127021FBB00ACB468 /* SQL */ = {
			isa = PBXGroup;
			children = (
				B5AB2F4227021FCF00ACB468 /* SQLManager.swift */,
				B545902C27031BD500411E89 /* User.swift */,
			);
			path = SQL;
			sourceTree = "<group>";
		};
		B5D864B426FE196C00CAB467 = {
			isa = PBXGroup;
			children = (
				B5D864BF26FE196C00CAB467 /* SQLProject */,
				B5D864BE26FE196C00CAB467 /* Products */,
				1EEACF637BEFB8C605DCCA3A /* Pods */,
				5DB1C3735A9C3F0905527639 /* Frameworks */,
			);
			sourceTree = "<group>";
		};
		B5D864BE26FE196C00CAB467 /* Products */ = {
			isa = PBXGroup;
			children = (
				B5D864BD26FE196C00CAB467 /* SQLProject.app */,
			);
			name = Products;
			sourceTree = "<group>";
		};
		B5D864BF26FE196C00CAB467 /* SQLProject */ = {
			isa = PBXGroup;
			children = (
				B5D864C026FE196C00CAB467 /* AppDelegate.swift */,
				B5D864C226FE196C00CAB467 /* SceneDelegate.swift */,
				B5D864C426FE196C00CAB467 /* ViewController.swift */,
				B5AB2F4127021FBB00ACB468 /* SQL */,
				B5D864C626FE196C00CAB467 /* Main.storyboard */,
				B5D864C926FE197000CAB467 /* Assets.xcassets */,
				B5D864CB26FE197000CAB467 /* LaunchScreen.storyboard */,
				B5D864CE26FE197000CAB467 /* Info.plist */,
			);
			path = SQLProject;
			sourceTree = "<group>";
		};
/* End PBXGroup section */

/* Begin PBXNativeTarget section */
		B5D864BC26FE196C00CAB467 /* SQLProject */ = {
			isa = PBXNativeTarget;
			buildConfigurationList = B5D864D126FE197000CAB467 /* Build configuration list for PBXNativeTarget "SQLProject" */;
			buildPhases = (
				D52A9BE085C4FB7F66977578 /* [CP] Check Pods Manifest.lock */,
				B5D864B926FE196C00CAB467 /* Sources */,
				B5D864BA26FE196C00CAB467 /* Frameworks */,
				B5D864BB26FE196C00CAB467 /* Resources */,
				AB7A1F366EC98539CA9E47F2 /* [CP] Embed Pods Frameworks */,
			);
			buildRules = (
			);
			dependencies = (
			);
			name = SQLProject;
			productName = SQLProject;
			productReference = B5D864BD26FE196C00CAB467 /* SQLProject.app */;
			productType = "com.apple.product-type.application";
		};
/* End PBXNativeTarget section */

/* Begin PBXProject section */
		B5D864B526FE196C00CAB467 /* Project object */ = {
			isa = PBXProject;
			attributes = {
				LastSwiftUpdateCheck = 1250;
				LastUpgradeCheck = 1250;
				TargetAttributes = {
					B5D864BC26FE196C00CAB467 = {
						CreatedOnToolsVersion = 12.5.1;
					};
				};
			};
			buildConfigurationList = B5D864B826FE196C00CAB467 /* Build configuration list for PBXProject "SQLProject" */;
			compatibilityVersion = "Xcode 9.3";
			developmentRegion = en;
			hasScannedForEncodings = 0;
			knownRegions = (
				en,
				Base,
			);
			mainGroup = B5D864B426FE196C00CAB467;
			productRefGroup = B5D864BE26FE196C00CAB467 /* Products */;
			projectDirPath = "";
			projectRoot = "";
			targets = (
				B5D864BC26FE196C00CAB467 /* SQLProject */,
			);
		};
/* End PBXProject section */

/* Begin PBXResourcesBuildPhase section */
		B5D864BB26FE196C00CAB467 /* Resources */ = {
			isa = PBXResourcesBuildPhase;
			buildActionMask = 2147483647;
			files = (
				B5D864CD26FE197000CAB467 /* LaunchScreen.storyboard in Resources */,
				B5D864CA26FE197000CAB467 /* Assets.xcassets in Resources */,
				B5D864C826FE196C00CAB467 /* Main.storyboard in Resources */,
			);
			runOnlyForDeploymentPostprocessing = 0;
		};
/* End PBXResourcesBuildPhase section */

/* Begin PBXShellScriptBuildPhase section */
		AB7A1F366EC98539CA9E47F2 /* [CP] Embed Pods Frameworks */ = {
			isa = PBXShellScriptBuildPhase;
			buildActionMask = 2147483647;
			files = (
			);
			inputFileListPaths = (
				"${PODS_ROOT}/Target Support Files/Pods-SQLProject/Pods-SQLProject-frameworks-${CONFIGURATION}-input-files.xcfilelist",
			);
			name = "[CP] Embed Pods Frameworks";
			outputFileListPaths = (
				"${PODS_ROOT}/Target Support Files/Pods-SQLProject/Pods-SQLProject-frameworks-${CONFIGURATION}-output-files.xcfilelist",
			);
			runOnlyForDeploymentPostprocessing = 0;
			shellPath = /bin/sh;
			shellScript = "\"${PODS_ROOT}/Target Support Files/Pods-SQLProject/Pods-SQLProject-frameworks.sh\"\n";
			showEnvVarsInLog = 0;
		};
		D52A9BE085C4FB7F66977578 /* [CP] Check Pods Manifest.lock */ = {
			isa = PBXShellScriptBuildPhase;
			buildActionMask = 2147483647;
			files = (
			);
			inputFileListPaths = (
			);
			inputPaths = (
				"${PODS_PODFILE_DIR_PATH}/Podfile.lock",
				"${PODS_ROOT}/Manifest.lock",
			);
			name = "[CP] Check Pods Manifest.lock";
			outputFileListPaths = (
			);
			outputPaths = (
				"$(DERIVED_FILE_DIR)/Pods-SQLProject-checkManifestLockResult.txt",
			);
			runOnlyForDeploymentPostprocessing = 0;
			shellPath = /bin/sh;
			shellScript = "diff \"${PODS_PODFILE_DIR_PATH}/Podfile.lock\" \"${PODS_ROOT}/Manifest.lock\" > /dev/null\nif [ $? != 0 ] ; then\n    # print error to STDERR\n    echo \"error: The sandbox is not in sync with the Podfile.lock. Run 'pod install' or update your CocoaPods installation.\" >&2\n    exit 1\nfi\n# This output is used by Xcode 'outputs' to avoid re-running this script phase.\necho \"SUCCESS\" > \"${SCRIPT_OUTPUT_FILE_0}\"\n";
			showEnvVarsInLog = 0;
		};
/* End PBXShellScriptBuildPhase section */

/* Begin PBXSourcesBuildPhase section */
		B5D864B926FE196C00CAB467 /* Sources */ = {
			isa = PBXSourcesBuildPhase;
			buildActionMask = 2147483647;
			files = (
				B5D864C526FE196C00CAB467 /* ViewController.swift in Sources */,
				B5D864C126FE196C00CAB467 /* AppDelegate.swift in Sources */,
				B5AB2F4327021FCF00ACB468 /* SQLManager.swift in Sources */,
				B545902D27031BD500411E89 /* User.swift in Sources */,
				B5D864C326FE196C00CAB467 /* SceneDelegate.swift in Sources */,
			);
			runOnlyForDeploymentPostprocessing = 0;
		};
/* End PBXSourcesBuildPhase section */

/* Begin PBXVariantGroup section */
		B5D864C626FE196C00CAB467 /* Main.storyboard */ = {
			isa = PBXVariantGroup;
			children = (
				B5D864C726FE196C00CAB467 /* Base */,
			);
			name = Main.storyboard;
			sourceTree = "<group>";
		};
		B5D864CB26FE197000CAB467 /* LaunchScreen.storyboard */ = {
			isa = PBXVariantGroup;
			children = (
				B5D864CC26FE197000CAB467 /* Base */,
			);
			name = LaunchScreen.storyboard;
			sourceTree = "<group>";
		};
/* End PBXVariantGroup section */

/* Begin XCBuildConfiguration section */
		B5D864CF26FE197000CAB467 /* Debug */ = {
			isa = XCBuildConfiguration;
			buildSettings = {
				ALWAYS_SEARCH_USER_PATHS = NO;
				CLANG_ANALYZER_NONNULL = YES;
				CLANG_ANALYZER_NUMBER_OBJECT_CONVERSION = YES_AGGRESSIVE;
				CLANG_CXX_LANGUAGE_STANDARD = "gnu++14";
				CLANG_CXX_LIBRARY = "libc++";
				CLANG_ENABLE_MODULES = YES;
				CLANG_ENABLE_OBJC_ARC = YES;
				CLANG_ENABLE_OBJC_WEAK = YES;
				CLANG_WARN_BLOCK_CAPTURE_AUTORELEASING = YES;
				CLANG_WARN_BOOL_CONVERSION = YES;
				CLANG_WARN_COMMA = YES;
				CLANG_WARN_CONSTANT_CONVERSION = YES;
				CLANG_WARN_DEPRECATED_OBJC_IMPLEMENTATIONS = YES;
				CLANG_WARN_DIRECT_OBJC_ISA_USAGE = YES_ERROR;
				CLANG_WARN_DOCUMENTATION_COMMENTS = YES;
				CLANG_WARN_EMPTY_BODY = YES;
				CLANG_WARN_ENUM_CONVERSION = YES;
				CLANG_WARN_INFINITE_RECURSION = YES;
				CLANG_WARN_INT_CONVERSION = YES;
				CLANG_WARN_NON_LITERAL_NULL_CONVERSION = YES;
				CLANG_WARN_OBJC_IMPLICIT_RETAIN_SELF = YES;
				CLANG_WARN_OBJC_LITERAL_CONVERSION = YES;
				CLANG_WARN_OBJC_ROOT_CLASS = YES_ERROR;
				CLANG_WARN_QUOTED_INCLUDE_IN_FRAMEWORK_HEADER = YES;
				CLANG_WARN_RANGE_LOOP_ANALYSIS = YES;
				CLANG_WARN_STRICT_PROTOTYPES = YES;
				CLANG_WARN_SUSPICIOUS_MOVE = YES;
				CLANG_WARN_UNGUARDED_AVAILABILITY = YES_AGGRESSIVE;
				CLANG_WARN_UNREACHABLE_CODE = YES;
				CLANG_WARN__DUPLICATE_METHOD_MATCH = YES;
				COPY_PHASE_STRIP = NO;
				DEBUG_INFORMATION_FORMAT = dwarf;
				ENABLE_STRICT_OBJC_MSGSEND = YES;
				ENABLE_TESTABILITY = YES;
				GCC_C_LANGUAGE_STANDARD = gnu11;
				GCC_DYNAMIC_NO_PIC = NO;
				GCC_NO_COMMON_BLOCKS = YES;
				GCC_OPTIMIZATION_LEVEL = 0;
				GCC_PREPROCESSOR_DEFINITIONS = (
					"DEBUG=1",
					"$(inherited)",
				);
				GCC_WARN_64_TO_32_BIT_CONVERSION = YES;
				GCC_WARN_ABOUT_RETURN_TYPE = YES_ERROR;
				GCC_WARN_UNDECLARED_SELECTOR = YES;
				GCC_WARN_UNINITIALIZED_AUTOS = YES_AGGRESSIVE;
				GCC_WARN_UNUSED_FUNCTION = YES;
				GCC_WARN_UNUSED_VARIABLE = YES;
				IPHONEOS_DEPLOYMENT_TARGET = 14.5;
				MTL_ENABLE_DEBUG_INFO = INCLUDE_SOURCE;
				MTL_FAST_MATH = YES;
				ONLY_ACTIVE_ARCH = YES;
				SDKROOT = iphoneos;
				SWIFT_ACTIVE_COMPILATION_CONDITIONS = DEBUG;
				SWIFT_OPTIMIZATION_LEVEL = "-Onone";
			};
			name = Debug;
		};
		B5D864D026FE197000CAB467 /* Release */ = {
			isa = XCBuildConfiguration;
			buildSettings = {
				ALWAYS_SEARCH_USER_PATHS = NO;
				CLANG_ANALYZER_NONNULL = YES;
				CLANG_ANALYZER_NUMBER_OBJECT_CONVERSION = YES_AGGRESSIVE;
				CLANG_CXX_LANGUAGE_STANDARD = "gnu++14";
				CLANG_CXX_LIBRARY = "libc++";
				CLANG_ENABLE_MODULES = YES;
				CLANG_ENABLE_OBJC_ARC = YES;
				CLANG_ENABLE_OBJC_WEAK = YES;
				CLANG_WARN_BLOCK_CAPTURE_AUTORELEASING = YES;
				CLANG_WARN_BOOL_CONVERSION = YES;
				CLANG_WARN_COMMA = YES;
				CLANG_WARN_CONSTANT_CONVERSION = YES;
				CLANG_WARN_DEPRECATED_OBJC_IMPLEMENTATIONS = YES;
				CLANG_WARN_DIRECT_OBJC_ISA_USAGE = YES_ERROR;
				CLANG_WARN_DOCUMENTATION_COMMENTS = YES;
				CLANG_WARN_EMPTY_BODY = YES;
				CLANG_WARN_ENUM_CONVERSION = YES;
				CLANG_WARN_INFINITE_RECURSION = YES;
				CLANG_WARN_INT_CONVERSION = YES;
				CLANG_WARN_NON_LITERAL_NULL_CONVERSION = YES;
				CLANG_WARN_OBJC_IMPLICIT_RETAIN_SELF = YES;
				CLANG_WARN_OBJC_LITERAL_CONVERSION = YES;
				CLANG_WARN_OBJC_ROOT_CLASS = YES_ERROR;
				CLANG_WARN_QUOTED_INCLUDE_IN_FRAMEWORK_HEADER = YES;
				CLANG_WARN_RANGE_LOOP_ANALYSIS = YES;
				CLANG_WARN_STRICT_PROTOTYPES = YES;
				CLANG_WARN_SUSPICIOUS_MOVE = YES;
				CLANG_WARN_UNGUARDED_AVAILABILITY = YES_AGGRESSIVE;
				CLANG_WARN_UNREACHABLE_CODE = YES;
				CLANG_WARN__DUPLICATE_METHOD_MATCH = YES;
				COPY_PHASE_STRIP = NO;
				DEBUG_INFORMATION_FORMAT = "dwarf-with-dsym";
				ENABLE_NS_ASSERTIONS = NO;
				ENABLE_STRICT_OBJC_MSGSEND = YES;
				GCC_C_LANGUAGE_STANDARD = gnu11;
				GCC_NO_COMMON_BLOCKS = YES;
				GCC_WARN_64_TO_32_BIT_CONVERSION = YES;
				GCC_WARN_ABOUT_RETURN_TYPE = YES_ERROR;
				GCC_WARN_UNDECLARED_SELECTOR = YES;
				GCC_WARN_UNINITIALIZED_AUTOS = YES_AGGRESSIVE;
				GCC_WARN_UNUSED_FUNCTION = YES;
				GCC_WARN_UNUSED_VARIABLE = YES;
				IPHONEOS_DEPLOYMENT_TARGET = 14.5;
				MTL_ENABLE_DEBUG_INFO = NO;
				MTL_FAST_MATH = YES;
				SDKROOT = iphoneos;
				SWIFT_COMPILATION_MODE = wholemodule;
				SWIFT_OPTIMIZATION_LEVEL = "-O";
				VALIDATE_PRODUCT = YES;
			};
			name = Release;
		};
		B5D864D226FE197000CAB467 /* Debug */ = {
			isa = XCBuildConfiguration;
			baseConfigurationReference = 5A36057E6076202BD882432E /* Pods-SQLProject.debug.xcconfig */;
			buildSettings = {
				ASSETCATALOG_COMPILER_APPICON_NAME = AppIcon;
				ASSETCATALOG_COMPILER_GLOBAL_ACCENT_COLOR_NAME = AccentColor;
				CODE_SIGN_STYLE = Automatic;
				DEVELOPMENT_TEAM = CT2T2S8RGW;
				INFOPLIST_FILE = SQLProject/Info.plist;
				LD_RUNPATH_SEARCH_PATHS = (
					"$(inherited)",
					"@executable_path/Frameworks",
				);
				PRODUCT_BUNDLE_IDENTIFIER = com.dhana.SQLProject;
				PRODUCT_NAME = "$(TARGET_NAME)";
				SWIFT_VERSION = 5.0;
				TARGETED_DEVICE_FAMILY = "1,2";
			};
			name = Debug;
		};
		B5D864D326FE197000CAB467 /* Release */ = {
			isa = XCBuildConfiguration;
			baseConfigurationReference = ADE219E9473FDD4D76AA71CA /* Pods-SQLProject.release.xcconfig */;
			buildSettings = {
				ASSETCATALOG_COMPILER_APPICON_NAME = AppIcon;
				ASSETCATALOG_COMPILER_GLOBAL_ACCENT_COLOR_NAME = AccentColor;
				CODE_SIGN_STYLE = Automatic;
				DEVELOPMENT_TEAM = CT2T2S8RGW;
				INFOPLIST_FILE = SQLProject/Info.plist;
				LD_RUNPATH_SEARCH_PATHS = (
					"$(inherited)",
					"@executable_path/Frameworks",
				);
				PRODUCT_BUNDLE_IDENTIFIER = com.dhana.SQLProject;
				PRODUCT_NAME = "$(TARGET_NAME)";
				SWIFT_VERSION = 5.0;
				TARGETED_DEVICE_FAMILY = "1,2";
			};
			name = Release;
		};
/* End XCBuildConfiguration section */

/* Begin XCConfigurationList section */
		B5D864B826FE196C00CAB467 /* Build configuration list for PBXProject "SQLProject" */ = {
			isa = XCConfigurationList;
			buildConfigurations = (
				B5D864CF26FE197000CAB467 /* Debug */,
				B5D864D026FE197000CAB467 /* Release */,
			);
			defaultConfigurationIsVisible = 0;
			defaultConfigurationName = Release;
		};
		B5D864D126FE197000CAB467 /* Build configuration list for PBXNativeTarget "SQLProject" */ = {
			isa = XCConfigurationList;
			buildConfigurations = (
				B5D864D226FE197000CAB467 /* Debug */,
				B5D864D326FE197000CAB467 /* Release */,
			);
			defaultConfigurationIsVisible = 0;
			defaultConfigurationName = Release;
		};
/* End XCConfigurationList section */
	};
	rootObject = B5D864B526FE196C00CAB467 /* Project object */;
}
